
Microsoft Visual Studio Solution File, Format Version 12.00
# Visual Studio Version 17
VisualStudioVersion = 17.4.33103.184
MinimumVisualStudioVersion = 10.0.40219.1
Project("{9A19103F-16F7-4668-BE54-9A1E7A4F7556}") = "SpaceX.WebAPI", "SpaceX.WebAPI\SpaceX.WebAPI.csproj", "{A0CB8827-A833-403F-A890-BE9AAD50E579}"
EndProject
Project("{9A19103F-16F7-4668-BE54-9A1E7A4F7556}") = "SpaceX.Services", "SpaceX.Services\SpaceX.Services.csproj", "{F95EB81A-644A-40A8-AF35-8D11A907331B}"
EndProject
Project("{9A19103F-16F7-4668-BE54-9A1E7A4F7556}") = "SpaceX.Models", "SpaceX.Models\SpaceX.Models.csproj", "{BEB9AA4C-B9D4-4EAC-B2D5-8332C814CD75}"
EndProject
Project("{9A19103F-16F7-4668-BE54-9A1E7A4F7556}") = "SpaceX.Common", "SpaceX.Common\SpaceX.Common.csproj", "{FC817110-8C28-4AAD-939E-19608412E881}"
EndProject
Global
	GlobalSection(SolutionConfigurationPlatforms) = preSolution
		Debug|Any CPU = Debug|Any CPU
		Release|Any CPU = Release|Any CPU
	EndGlobalSection
	GlobalSection(ProjectConfigurationPlatforms) = postSolution
		{A0CB8827-A833-403F-A890-BE9AAD50E579}.Debug|Any CPU.ActiveCfg = Debug|Any CPU
		{A0CB8827-A833-403F-A890-BE9AAD50E579}.Debug|Any CPU.Build.0 = Debug|Any CPU
		{A0CB8827-A833-403F-A890-BE9AAD50E579}.Release|Any CPU.ActiveCfg = Release|Any CPU
		{A0CB8827-A833-403F-A890-BE9AAD50E579}.Release|Any CPU.Build.0 = Release|Any CPU
		{F95EB81A-644A-40A8-AF35-8D11A907331B}.Debug|Any CPU.ActiveCfg = Debug|Any CPU
		{F95EB81A-644A-40A8-AF35-8D11A907331B}.Debug|Any CPU.Build.0 = Debug|Any CPU
		{F95EB81A-644A-40A8-AF35-8D11A907331B}.Release|Any CPU.ActiveCfg = Release|Any CPU
		{F95EB81A-644A-40A8-AF35-8D11A907331B}.Release|Any CPU.Build.0 = Release|Any CPU
		{BEB9AA4C-B9D4-4EAC-B2D5-8332C814CD75}.Debug|Any CPU.ActiveCfg = Debug|Any CPU
		{BEB9AA4C-B9D4-4EAC-B2D5-8332C814CD75}.Debug|Any CPU.Build.0 = Debug|Any CPU
		{BEB9AA4C-B9D4-4EAC-B2D5-8332C814CD75}.Release|Any CPU.ActiveCfg = Release|Any CPU
		{BEB9AA4C-B9D4-4EAC-B2D5-8332C814CD75}.Release|Any CPU.Build.0 = Release|Any CPU
		{FC817110-8C28-4AAD-939E-19608412E881}.Debug|Any CPU.ActiveCfg = Debug|Any CPU
		{FC817110-8C28-4AAD-939E-19608412E881}.Debug|Any CPU.Build.0 = Debug|Any CPU
		{FC817110-8C28-4AAD-939E-19608412E881}.Release|Any CPU.ActiveCfg = Release|Any CPU
		{FC817110-8C28-4AAD-939E-19608412E881}.Release|Any CPU.Build.0 = Release|Any CPU
	EndGlobalSection
	GlobalSection(SolutionProperties) = preSolution
		HideSolutionNode = FALSE
	EndGlobalSection
	GlobalSection(ExtensibilityGlobals) = postSolution
		SolutionGuid = {A317C63B-47E9-40DE-B523-63F37D35FC9A}
	EndGlobalSection
EndGlobal
